// !$*UTF8*$!
{
	archiveVersion = 1;
	classes = {
	};
	objectVersion = 56;
	objects = {

/* Begin PBXBuildFile section */
		8D8D287B29AFA35F00A63E57 /* AppDelegate.swift in Sources */ = {isa = PBXBuildFile; fileRef = 8D8D287A29AFA35F00A63E57 /* AppDelegate.swift */; };
		8D8D287D29AFA35F00A63E57 /* SceneDelegate.swift in Sources */ = {isa = PBXBuildFile; fileRef = 8D8D287C29AFA35F00A63E57 /* SceneDelegate.swift */; };
		8D8D287F29AFA35F00A63E57 /* HomeViewController.swift in Sources */ = {isa = PBXBuildFile; fileRef = 8D8D287E29AFA35F00A63E57 /* HomeViewController.swift */; };
		8D8D288229AFA35F00A63E57 /* Main.storyboard in Resources */ = {isa = PBXBuildFile; fileRef = 8D8D288029AFA35F00A63E57 /* Main.storyboard */; };
		8D8D288429AFA36800A63E57 /* Assets.xcassets in Resources */ = {isa = PBXBuildFile; fileRef = 8D8D288329AFA36800A63E57 /* Assets.xcassets */; };
		8D8D288729AFA36800A63E57 /* LaunchScreen.storyboard in Resources */ = {isa = PBXBuildFile; fileRef = 8D8D288529AFA36800A63E57 /* LaunchScreen.storyboard */; };
		8D8D289429AFAC0B00A63E57 /* Report.swift in Sources */ = {isa = PBXBuildFile; fileRef = 8D8D289329AFAC0B00A63E57 /* Report.swift */; };
		8D8D289629AFACC000A63E57 /* HomeViewModel.swift in Sources */ = {isa = PBXBuildFile; fileRef = 8D8D289529AFACC000A63E57 /* HomeViewModel.swift */; };
		8D8D289A29AFAE2A00A63E57 /* HomeTableViewCell.swift in Sources */ = {isa = PBXBuildFile; fileRef = 8D8D289829AFAE2A00A63E57 /* HomeTableViewCell.swift */; };
		8D8D289B29AFAE2A00A63E57 /* HomeTableViewCell.xib in Resources */ = {isa = PBXBuildFile; fileRef = 8D8D289929AFAE2A00A63E57 /* HomeTableViewCell.xib */; };
		8D8D289D29AFB8EF00A63E57 /* Extensions.swift in Sources */ = {isa = PBXBuildFile; fileRef = 8D8D289C29AFB8EF00A63E57 /* Extensions.swift */; };
/* End PBXBuildFile section */

/* Begin PBXFileReference section */
		8D8D287729AFA35F00A63E57 /* NativAppsTest.app */ = {isa = PBXFileReference; explicitFileType = wrapper.application; includeInIndex = 0; path = NativAppsTest.app; sourceTree = BUILT_PRODUCTS_DIR; };
		8D8D287A29AFA35F00A63E57 /* AppDelegate.swift */ = {isa = PBXFileReference; lastKnownFileType = sourcecode.swift; path = AppDelegate.swift; sourceTree = "<group>"; };
		8D8D287C29AFA35F00A63E57 /* SceneDelegate.swift */ = {isa = PBXFileReference; lastKnownFileType = sourcecode.swift; path = SceneDelegate.swift; sourceTree = "<group>"; };
		8D8D287E29AFA35F00A63E57 /* HomeViewController.swift */ = {isa = PBXFileReference; lastKnownFileType = sourcecode.swift; path = HomeViewController.swift; sourceTree = "<group>"; };
		8D8D288129AFA35F00A63E57 /* Base */ = {isa = PBXFileReference; lastKnownFileType = file.storyboard; name = Base; path = Base.lproj/Main.storyboard; sourceTree = "<group>"; };
		8D8D288329AFA36800A63E57 /* Assets.xcassets */ = {isa = PBXFileReference; lastKnownFileType = folder.assetcatalog; path = Assets.xcassets; sourceTree = "<group>"; };
		8D8D288629AFA36800A63E57 /* Base */ = {isa = PBXFileReference; lastKnownFileType = file.storyboard; name = Base; path = Base.lproj/LaunchScreen.storyboard; sourceTree = "<group>"; };
		8D8D288829AFA36800A63E57 /* Info.plist */ = {isa = PBXFileReference; lastKnownFileType = text.plist.xml; path = Info.plist; sourceTree = "<group>"; };
		8D8D289329AFAC0B00A63E57 /* Report.swift */ = {isa = PBXFileReference; lastKnownFileType = sourcecode.swift; path = Report.swift; sourceTree = "<group>"; };
		8D8D289529AFACC000A63E57 /* HomeViewModel.swift */ = {isa = PBXFileReference; lastKnownFileType = sourcecode.swift; path = HomeViewModel.swift; sourceTree = "<group>"; };
		8D8D289829AFAE2A00A63E57 /* HomeTableViewCell.swift */ = {isa = PBXFileReference; lastKnownFileType = sourcecode.swift; path = HomeTableViewCell.swift; sourceTree = "<group>"; };
		8D8D289929AFAE2A00A63E57 /* HomeTableViewCell.xib */ = {isa = PBXFileReference; lastKnownFileType = file.xib; path = HomeTableViewCell.xib; sourceTree = "<group>"; };
		8D8D289C29AFB8EF00A63E57 /* Extensions.swift */ = {isa = PBXFileReference; lastKnownFileType = sourcecode.swift; path = Extensions.swift; sourceTree = "<group>"; };
/* End PBXFileReference section */

/* Begin PBXFrameworksBuildPhase section */
		8D8D287429AFA35F00A63E57 /* Frameworks */ = {
			isa = PBXFrameworksBuildPhase;
			buildActionMask = 2147483647;
			files = (
			);
			runOnlyForDeploymentPostprocessing = 0;
		};
/* End PBXFrameworksBuildPhase section */

/* Begin PBXGroup section */
		8D8D286E29AFA35E00A63E57 = {
			isa = PBXGroup;
			children = (
				8D8D287929AFA35F00A63E57 /* NativAppsTest */,
				8D8D287829AFA35F00A63E57 /* Products */,
			);
			sourceTree = "<group>";
		};
		8D8D287829AFA35F00A63E57 /* Products */ = {
			isa = PBXGroup;
			children = (
				8D8D287729AFA35F00A63E57 /* NativAppsTest.app */,
			);
			name = Products;
			sourceTree = "<group>";
		};
		8D8D287929AFA35F00A63E57 /* NativAppsTest */ = {
			isa = PBXGroup;
			children = (
				8D8D287A29AFA35F00A63E57 /* AppDelegate.swift */,
				8D8D287C29AFA35F00A63E57 /* SceneDelegate.swift */,
				8D8D288329AFA36800A63E57 /* Assets.xcassets */,
				8D8D288829AFA36800A63E57 /* Info.plist */,
				8D8D289029AFAB9C00A63E57 /* Model */,
				8D8D288F29AFAB9000A63E57 /* View */,
				8D8D288E29AFAB8900A63E57 /* ViewModel */,
				8D8D289C29AFB8EF00A63E57 /* Extensions.swift */,
			);
			path = NativAppsTest;
			sourceTree = "<group>";
		};
		8D8D288E29AFAB8900A63E57 /* ViewModel */ = {
			isa = PBXGroup;
			children = (
				8D8D289529AFACC000A63E57 /* HomeViewModel.swift */,
			);
			path = ViewModel;
			sourceTree = "<group>";
		};
		8D8D288F29AFAB9000A63E57 /* View */ = {
			isa = PBXGroup;
			children = (
				8D8D289729AFAE1700A63E57 /* Cell */,
				8D8D289129AFABA700A63E57 /* Storyboard */,
				8D8D287E29AFA35F00A63E57 /* HomeViewController.swift */,
			);
			path = View;
			sourceTree = "<group>";
		};
		8D8D289029AFAB9C00A63E57 /* Model */ = {
			isa = PBXGroup;
			children = (
				8D8D289329AFAC0B00A63E57 /* Report.swift */,
			);
			path = Model;
			sourceTree = "<group>";
		};
		8D8D289129AFABA700A63E57 /* Storyboard */ = {
			isa = PBXGroup;
			children = (
				8D8D288029AFA35F00A63E57 /* Main.storyboard */,
				8D8D288529AFA36800A63E57 /* LaunchScreen.storyboard */,
			);
			path = Storyboard;
			sourceTree = "<group>";
		};
		8D8D289729AFAE1700A63E57 /* Cell */ = {
			isa = PBXGroup;
			children = (
				8D8D289829AFAE2A00A63E57 /* HomeTableViewCell.swift */,
				8D8D289929AFAE2A00A63E57 /* HomeTableViewCell.xib */,
			);
			path = Cell;
			sourceTree = "<group>";
		};
/* End PBXGroup section */

/* Begin PBXNativeTarget section */
		8D8D287629AFA35F00A63E57 /* NativAppsTest */ = {
			isa = PBXNativeTarget;
			buildConfigurationList = 8D8D288B29AFA36800A63E57 /* Build configuration list for PBXNativeTarget "NativAppsTest" */;
			buildPhases = (
				8D8D287329AFA35F00A63E57 /* Sources */,
				8D8D287429AFA35F00A63E57 /* Frameworks */,
				8D8D287529AFA35F00A63E57 /* Resources */,
			);
			buildRules = (
			);
			dependencies = (
			);
			name = NativAppsTest;
			productName = NativAppsTest;
			productReference = 8D8D287729AFA35F00A63E57 /* NativAppsTest.app */;
			productType = "com.apple.product-type.application";
		};
/* End PBXNativeTarget section */

/* Begin PBXProject section */
		8D8D286F29AFA35E00A63E57 /* Project object */ = {
			isa = PBXProject;
			attributes = {
				BuildIndependentTargetsInParallel = 1;
				LastSwiftUpdateCheck = 1420;
				LastUpgradeCheck = 1420;
				TargetAttributes = {
					8D8D287629AFA35F00A63E57 = {
						CreatedOnToolsVersion = 14.2;
					};
				};
			};
			buildConfigurationList = 8D8D287229AFA35E00A63E57 /* Build configuration list for PBXProject "NativAppsTest" */;
			compatibilityVersion = "Xcode 14.0";
			developmentRegion = en;
			hasScannedForEncodings = 0;
			knownRegions = (
				en,
				Base,
			);
			mainGroup = 8D8D286E29AFA35E00A63E57;
			productRefGroup = 8D8D287829AFA35F00A63E57 /* Products */;
			projectDirPath = "";
			projectRoot = "";
			targets = (
				8D8D287629AFA35F00A63E57 /* NativAppsTest */,
			);
		};
/* End PBXProject section */

/* Begin PBXResourcesBuildPhase section */
		8D8D287529AFA35F00A63E57 /* Resources */ = {
			isa = PBXResourcesBuildPhase;
			buildActionMask = 2147483647;
			files = (
				8D8D288729AFA36800A63E57 /* LaunchScreen.storyboard in Resources */,
				8D8D288429AFA36800A63E57 /* Assets.xcassets in Resources */,
				8D8D289B29AFAE2A00A63E57 /* HomeTableViewCell.xib in Resources */,
				8D8D288229AFA35F00A63E57 /* Main.storyboard in Resources */,
			);
			runOnlyForDeploymentPostprocessing = 0;
		};
/* End PBXResourcesBuildPhase section */

/* Begin PBXSourcesBuildPhase section */
		8D8D287329AFA35F00A63E57 /* Sources */ = {
			isa = PBXSourcesBuildPhase;
			buildActionMask = 2147483647;
			files = (
				8D8D289A29AFAE2A00A63E57 /* HomeTableViewCell.swift in Sources */,
				8D8D287F29AFA35F00A63E57 /* HomeViewController.swift in Sources */,
				8D8D287B29AFA35F00A63E57 /* AppDelegate.swift in Sources */,
				8D8D287D29AFA35F00A63E57 /* SceneDelegate.swift in Sources */,
				8D8D289629AFACC000A63E57 /* HomeViewModel.swift in Sources */,
				8D8D289429AFAC0B00A63E57 /* Report.swift in Sources */,
				8D8D289D29AFB8EF00A63E57 /* Extensions.swift in Sources */,
			);
			runOnlyForDeploymentPostprocessing = 0;
		};
/* End PBXSourcesBuildPhase section */

/* Begin PBXVariantGroup section */
		8D8D288029AFA35F00A63E57 /* Main.storyboard */ = {
			isa = PBXVariantGroup;
			children = (
				8D8D288129AFA35F00A63E57 /* Base */,
			);
			name = Main.storyboard;
			sourceTree = "<group>";
		};
		8D8D288529AFA36800A63E57 /* LaunchScreen.storyboard */ = {
			isa = PBXVariantGroup;
			children = (
				8D8D288629AFA36800A63E57 /* Base */,
			);
			name = LaunchScreen.storyboard;
			sourceTree = "<group>";
		};
/* End PBXVariantGroup section */

/* Begin XCBuildConfiguration section */
		8D8D288929AFA36800A63E57 /* Debug */ = {
			isa = XCBuildConfiguration;
			buildSettings = {
				ALWAYS_SEARCH_USER_PATHS = NO;
				CLANG_ANALYZER_NONNULL = YES;
				CLANG_ANALYZER_NUMBER_OBJECT_CONVERSION = YES_AGGRESSIVE;
				CLANG_CXX_LANGUAGE_STANDARD = "gnu++20";
				CLANG_ENABLE_MODULES = YES;
				CLANG_ENABLE_OBJC_ARC = YES;
				CLANG_ENABLE_OBJC_WEAK = YES;
				CLANG_WARN_BLOCK_CAPTURE_AUTORELEASING = YES;
				CLANG_WARN_BOOL_CONVERSION = YES;
				CLANG_WARN_COMMA = YES;
				CLANG_WARN_CONSTANT_CONVERSION = YES;
				CLANG_WARN_DEPRECATED_OBJC_IMPLEMENTATIONS = YES;
				CLANG_WARN_DIRECT_OBJC_ISA_USAGE = YES_ERROR;
				CLANG_WARN_DOCUMENTATION_COMMENTS = YES;
				CLANG_WARN_EMPTY_BODY = YES;
				CLANG_WARN_ENUM_CONVERSION = YES;
				CLANG_WARN_INFINITE_RECURSION = YES;
				CLANG_WARN_INT_CONVERSION = YES;
				CLANG_WARN_NON_LITERAL_NULL_CONVERSION = YES;
				CLANG_WARN_OBJC_IMPLICIT_RETAIN_SELF = YES;
				CLANG_WARN_OBJC_LITERAL_CONVERSION = YES;
				CLANG_WARN_OBJC_ROOT_CLASS = YES_ERROR;
				CLANG_WARN_QUOTED_INCLUDE_IN_FRAMEWORK_HEADER = YES;
				CLANG_WARN_RANGE_LOOP_ANALYSIS = YES;
				CLANG_WARN_STRICT_PROTOTYPES = YES;
				CLANG_WARN_SUSPICIOUS_MOVE = YES;
				CLANG_WARN_UNGUARDED_AVAILABILITY = YES_AGGRESSIVE;
				CLANG_WARN_UNREACHABLE_CODE = YES;
				CLANG_WARN__DUPLICATE_METHOD_MATCH = YES;
				COPY_PHASE_STRIP = NO;
				DEBUG_INFORMATION_FORMAT = dwarf;
				ENABLE_STRICT_OBJC_MSGSEND = YES;
				ENABLE_TESTABILITY = YES;
				GCC_C_LANGUAGE_STANDARD = gnu11;
				GCC_DYNAMIC_NO_PIC = NO;
				GCC_NO_COMMON_BLOCKS = YES;
				GCC_OPTIMIZATION_LEVEL = 0;
				GCC_PREPROCESSOR_DEFINITIONS = (
					"DEBUG=1",
					"$(inherited)",
				);
				GCC_WARN_64_TO_32_BIT_CONVERSION = YES;
				GCC_WARN_ABOUT_RETURN_TYPE = YES_ERROR;
				GCC_WARN_UNDECLARED_SELECTOR = YES;
				GCC_WARN_UNINITIALIZED_AUTOS = YES_AGGRESSIVE;
				GCC_WARN_UNUSED_FUNCTION = YES;
				GCC_WARN_UNUSED_VARIABLE = YES;
				IPHONEOS_DEPLOYMENT_TARGET = 16.2;
				MTL_ENABLE_DEBUG_INFO = INCLUDE_SOURCE;
				MTL_FAST_MATH = YES;
				ONLY_ACTIVE_ARCH = YES;
				SDKROOT = iphoneos;
				SWIFT_ACTIVE_COMPILATION_CONDITIONS = DEBUG;
				SWIFT_OPTIMIZATION_LEVEL = "-Onone";
			};
			name = Debug;
		};
		8D8D288A29AFA36800A63E57 /* Release */ = {
			isa = XCBuildConfiguration;
			buildSettings = {
				ALWAYS_SEARCH_USER_PATHS = NO;
				CLANG_ANALYZER_NONNULL = YES;
				CLANG_ANALYZER_NUMBER_OBJECT_CONVERSION = YES_AGGRESSIVE;
				CLANG_CXX_LANGUAGE_STANDARD = "gnu++20";
				CLANG_ENABLE_MODULES = YES;
				CLANG_ENABLE_OBJC_ARC = YES;
				CLANG_ENABLE_OBJC_WEAK = YES;
				CLANG_WARN_BLOCK_CAPTURE_AUTORELEASING = YES;
				CLANG_WARN_BOOL_CONVERSION = YES;
				CLANG_WARN_COMMA = YES;
				CLANG_WARN_CONSTANT_CONVERSION = YES;
				CLANG_WARN_DEPRECATED_OBJC_IMPLEMENTATIONS = YES;
				CLANG_WARN_DIRECT_OBJC_ISA_USAGE = YES_ERROR;
				CLANG_WARN_DOCUMENTATION_COMMENTS = YES;
				CLANG_WARN_EMPTY_BODY = YES;
				CLANG_WARN_ENUM_CONVERSION = YES;
				CLANG_WARN_INFINITE_RECURSION = YES;
				CLANG_WARN_INT_CONVERSION = YES;
				CLANG_WARN_NON_LITERAL_NULL_CONVERSION = YES;
				CLANG_WARN_OBJC_IMPLICIT_RETAIN_SELF = YES;
				CLANG_WARN_OBJC_LITERAL_CONVERSION = YES;
				CLANG_WARN_OBJC_ROOT_CLASS = YES_ERROR;
				CLANG_WARN_QUOTED_INCLUDE_IN_FRAMEWORK_HEADER = YES;
				CLANG_WARN_RANGE_LOOP_ANALYSIS = YES;
				CLANG_WARN_STRICT_PROTOTYPES = YES;
				CLANG_WARN_SUSPICIOUS_MOVE = YES;
				CLANG_WARN_UNGUARDED_AVAILABILITY = YES_AGGRESSIVE;
				CLANG_WARN_UNREACHABLE_CODE = YES;
				CLANG_WARN__DUPLICATE_METHOD_MATCH = YES;
				COPY_PHASE_STRIP = NO;
				DEBUG_INFORMATION_FORMAT = "dwarf-with-dsym";
				ENABLE_NS_ASSERTIONS = NO;
				ENABLE_STRICT_OBJC_MSGSEND = YES;
				GCC_C_LANGUAGE_STANDARD = gnu11;
				GCC_NO_COMMON_BLOCKS = YES;
				GCC_WARN_64_TO_32_BIT_CONVERSION = YES;
				GCC_WARN_ABOUT_RETURN_TYPE = YES_ERROR;
				GCC_WARN_UNDECLARED_SELECTOR = YES;
				GCC_WARN_UNINITIALIZED_AUTOS = YES_AGGRESSIVE;
				GCC_WARN_UNUSED_FUNCTION = YES;
				GCC_WARN_UNUSED_VARIABLE = YES;
				IPHONEOS_DEPLOYMENT_TARGET = 16.2;
				MTL_ENABLE_DEBUG_INFO = NO;
				MTL_FAST_MATH = YES;
				SDKROOT = iphoneos;
				SWIFT_COMPILATION_MODE = wholemodule;
				SWIFT_OPTIMIZATION_LEVEL = "-O";
				VALIDATE_PRODUCT = YES;
			};
			name = Release;
		};
		8D8D288C29AFA36800A63E57 /* Debug */ = {
			isa = XCBuildConfiguration;
			buildSettings = {
				ASSETCATALOG_COMPILER_APPICON_NAME = AppIcon;
				ASSETCATALOG_COMPILER_GLOBAL_ACCENT_COLOR_NAME = AccentColor;
				CODE_SIGN_STYLE = Automatic;
				CURRENT_PROJECT_VERSION = 1;
				DEVELOPMENT_TEAM = 337989U9PJ;
				GENERATE_INFOPLIST_FILE = YES;
				INFOPLIST_FILE = NativAppsTest/Info.plist;
				INFOPLIST_KEY_UIApplicationSupportsIndirectInputEvents = YES;
				INFOPLIST_KEY_UILaunchStoryboardName = LaunchScreen;
				INFOPLIST_KEY_UIMainStoryboardFile = Main;
				INFOPLIST_KEY_UISupportedInterfaceOrientations_iPad = "UIInterfaceOrientationPortrait UIInterfaceOrientationPortraitUpsideDown UIInterfaceOrientationLandscapeLeft UIInterfaceOrientationLandscapeRight";
				INFOPLIST_KEY_UISupportedInterfaceOrientations_iPhone = "UIInterfaceOrientationPortrait UIInterfaceOrientationLandscapeLeft UIInterfaceOrientationLandscapeRight";
				IPHONEOS_DEPLOYMENT_TARGET = 15;
				LD_RUNPATH_SEARCH_PATHS = (
					"$(inherited)",
					"@executable_path/Frameworks",
				);
				MARKETING_VERSION = 1.0;
				PRODUCT_BUNDLE_IDENTIFIER = com.3rnestocs.NativAppsTest;
				PRODUCT_NAME = "$(TARGET_NAME)";
				SWIFT_EMIT_LOC_STRINGS = YES;
				SWIFT_VERSION = 5.0;
				TARGETED_DEVICE_FAMILY = "1,2";
			};
			name = Debug;
		};
		8D8D288D29AFA36800A63E57 /* Release */ = {
			isa = XCBuildConfiguration;
			buildSettings = {
				ASSETCATALOG_COMPILER_APPICON_NAME = AppIcon;
				ASSETCATALOG_COMPILER_GLOBAL_ACCENT_COLOR_NAME = AccentColor;
				CODE_SIGN_STYLE = Automatic;
				CURRENT_PROJECT_VERSION = 1;
				DEVELOPMENT_TEAM = 337989U9PJ;
				GENERATE_INFOPLIST_FILE = YES;
				INFOPLIST_FILE = NativAppsTest/Info.plist;
				INFOPLIST_KEY_UIApplicationSupportsIndirectInputEvents = YES;
				INFOPLIST_KEY_UILaunchStoryboardName = LaunchScreen;
				INFOPLIST_KEY_UIMainStoryboardFile = Main;
				INFOPLIST_KEY_UISupportedInterfaceOrientations_iPad = "UIInterfaceOrientationPortrait UIInterfaceOrientationPortraitUpsideDown UIInterfaceOrientationLandscapeLeft UIInterfaceOrientationLandscapeRight";
				INFOPLIST_KEY_UISupportedInterfaceOrientations_iPhone = "UIInterfaceOrientationPortrait UIInterfaceOrientationLandscapeLeft UIInterfaceOrientationLandscapeRight";
				IPHONEOS_DEPLOYMENT_TARGET = 15;
				LD_RUNPATH_SEARCH_PATHS = (
					"$(inherited)",
					"@executable_path/Frameworks",
				);
				MARKETING_VERSION = 1.0;
				PRODUCT_BUNDLE_IDENTIFIER = com.3rnestocs.NativAppsTest;
				PRODUCT_NAME = "$(TARGET_NAME)";
				SWIFT_EMIT_LOC_STRINGS = YES;
				SWIFT_VERSION = 5.0;
				TARGETED_DEVICE_FAMILY = "1,2";
			};
			name = Release;
		};
/* End XCBuildConfiguration section */

/* Begin XCConfigurationList section */
		8D8D287229AFA35E00A63E57 /* Build configuration list for PBXProject "NativAppsTest" */ = {
			isa = XCConfigurationList;
			buildConfigurations = (
				8D8D288929AFA36800A63E57 /* Debug */,
				8D8D288A29AFA36800A63E57 /* Release */,
			);
			defaultConfigurationIsVisible = 0;
			defaultConfigurationName = Release;
		};
		8D8D288B29AFA36800A63E57 /* Build configuration list for PBXNativeTarget "NativAppsTest" */ = {
			isa = XCConfigurationList;
			buildConfigurations = (
				8D8D288C29AFA36800A63E57 /* Debug */,
				8D8D288D29AFA36800A63E57 /* Release */,
			);
			defaultConfigurationIsVisible = 0;
			defaultConfigurationName = Release;
		};
/* End XCConfigurationList section */
	};
	rootObject = 8D8D286F29AFA35E00A63E57 /* Project object */;
}
